// !$*UTF8*$!
{
	archiveVersion = 1;
	classes = {
	};
	objectVersion = 46;
	objects = {

/* Begin PBXBuildFile section */
		84334A151DA9DF850010B48D /* main.m in Sources */ = {isa = PBXBuildFile; fileRef = 84334A141DA9DF850010B48D /* main.m */; };
		84334A181DA9DF850010B48D /* AppDelegate.m in Sources */ = {isa = PBXBuildFile; fileRef = 84334A171DA9DF850010B48D /* AppDelegate.m */; };
		84334A1B1DA9DF850010B48D /* ViewController.m in Sources */ = {isa = PBXBuildFile; fileRef = 84334A1A1DA9DF850010B48D /* ViewController.m */; };
		84334A1E1DA9DF850010B48D /* Main.storyboard in Resources */ = {isa = PBXBuildFile; fileRef = 84334A1C1DA9DF850010B48D /* Main.storyboard */; };
		84334A201DA9DF850010B48D /* Assets.xcassets in Resources */ = {isa = PBXBuildFile; fileRef = 84334A1F1DA9DF850010B48D /* Assets.xcassets */; };
		84334A231DA9DF850010B48D /* LaunchScreen.storyboard in Resources */ = {isa = PBXBuildFile; fileRef = 84334A211DA9DF850010B48D /* LaunchScreen.storyboard */; };
		84334A2E1DA9DF850010B48D /* CTPageControlDemoTests.m in Sources */ = {isa = PBXBuildFile; fileRef = 84334A2D1DA9DF850010B48D /* CTPageControlDemoTests.m */; };
		84334A3C1DA9DFB10010B48D /* pageControl_dot_icon@3x.png in Resources */ = {isa = PBXBuildFile; fileRef = 84334A3A1DA9DFB10010B48D /* pageControl_dot_icon@3x.png */; };
		84334A3D1DA9DFB10010B48D /* pageControl_H_dot_icon@3x.png in Resources */ = {isa = PBXBuildFile; fileRef = 84334A3B1DA9DFB10010B48D /* pageControl_H_dot_icon@3x.png */; };
		84334A411DA9DFD20010B48D /* CTPageControl.m in Sources */ = {isa = PBXBuildFile; fileRef = 84334A401DA9DFD20010B48D /* CTPageControl.m */; };
/* End PBXBuildFile section */

/* Begin PBXContainerItemProxy section */
		84334A2A1DA9DF850010B48D /* PBXContainerItemProxy */ = {
			isa = PBXContainerItemProxy;
			containerPortal = 84334A081DA9DF850010B48D /* Project object */;
			proxyType = 1;
			remoteGlobalIDString = 84334A0F1DA9DF850010B48D;
			remoteInfo = CTPageControlDemo;
		};
/* End PBXContainerItemProxy section */

/* Begin PBXFileReference section */
		84334A101DA9DF850010B48D /* CTPageControlDemo.app */ = {isa = PBXFileReference; explicitFileType = wrapper.application; includeInIndex = 0; path = CTPageControlDemo.app; sourceTree = BUILT_PRODUCTS_DIR; };
		84334A141DA9DF850010B48D /* main.m */ = {isa = PBXFileReference; lastKnownFileType = sourcecode.c.objc; path = main.m; sourceTree = "<group>"; };
		84334A161DA9DF850010B48D /* AppDelegate.h */ = {isa = PBXFileReference; lastKnownFileType = sourcecode.c.h; path = AppDelegate.h; sourceTree = "<group>"; };
		84334A171DA9DF850010B48D /* AppDelegate.m */ = {isa = PBXFileReference; lastKnownFileType = sourcecode.c.objc; path = AppDelegate.m; sourceTree = "<group>"; };
		84334A191DA9DF850010B48D /* ViewController.h */ = {isa = PBXFileReference; lastKnownFileType = sourcecode.c.h; path = ViewController.h; sourceTree = "<group>"; };
		84334A1A1DA9DF850010B48D /* ViewController.m */ = {isa = PBXFileReference; lastKnownFileType = sourcecode.c.objc; path = ViewController.m; sourceTree = "<group>"; };
		84334A1D1DA9DF850010B48D /* Base */ = {isa = PBXFileReference; lastKnownFileType = file.storyboard; name = Base; path = Base.lproj/Main.storyboard; sourceTree = "<group>"; };
		84334A1F1DA9DF850010B48D /* Assets.xcassets */ = {isa = PBXFileReference; lastKnownFileType = folder.assetcatalog; path = Assets.xcassets; sourceTree = "<group>"; };
		84334A221DA9DF850010B48D /* Base */ = {isa = PBXFileReference; lastKnownFileType = file.storyboard; name = Base; path = Base.lproj/LaunchScreen.storyboard; sourceTree = "<group>"; };
		84334A241DA9DF850010B48D /* Info.plist */ = {isa = PBXFileReference; lastKnownFileType = text.plist.xml; path = Info.plist; sourceTree = "<group>"; };
		84334A291DA9DF850010B48D /* CTPageControlDemoTests.xctest */ = {isa = PBXFileReference; explicitFileType = wrapper.cfbundle; includeInIndex = 0; path = CTPageControlDemoTests.xctest; sourceTree = BUILT_PRODUCTS_DIR; };
		84334A2D1DA9DF850010B48D /* CTPageControlDemoTests.m */ = {isa = PBXFileReference; lastKnownFileType = sourcecode.c.objc; path = CTPageControlDemoTests.m; sourceTree = "<group>"; };
		84334A2F1DA9DF850010B48D /* Info.plist */ = {isa = PBXFileReference; lastKnownFileType = text.plist.xml; path = Info.plist; sourceTree = "<group>"; };
		84334A3A1DA9DFB10010B48D /* pageControl_dot_icon@3x.png */ = {isa = PBXFileReference; lastKnownFileType = image.png; path = "pageControl_dot_icon@3x.png"; sourceTree = "<group>"; };
		84334A3B1DA9DFB10010B48D /* pageControl_H_dot_icon@3x.png */ = {isa = PBXFileReference; lastKnownFileType = image.png; path = "pageControl_H_dot_icon@3x.png"; sourceTree = "<group>"; };
		84334A3F1DA9DFD20010B48D /* CTPageControl.h */ = {isa = PBXFileReference; fileEncoding = 4; lastKnownFileType = sourcecode.c.h; path = CTPageControl.h; sourceTree = "<group>"; };
		84334A401DA9DFD20010B48D /* CTPageControl.m */ = {isa = PBXFileReference; fileEncoding = 4; lastKnownFileType = sourcecode.c.objc; path = CTPageControl.m; sourceTree = "<group>"; };
/* End PBXFileReference section */

/* Begin PBXFrameworksBuildPhase section */
		84334A0D1DA9DF850010B48D /* Frameworks */ = {
			isa = PBXFrameworksBuildPhase;
			buildActionMask = 2147483647;
			files = (
			);
			runOnlyForDeploymentPostprocessing = 0;
		};
		84334A261DA9DF850010B48D /* Frameworks */ = {
			isa = PBXFrameworksBuildPhase;
			buildActionMask = 2147483647;
			files = (
			);
			runOnlyForDeploymentPostprocessing = 0;
		};
/* End PBXFrameworksBuildPhase section */

/* Begin PBXGroup section */
		84334A071DA9DF850010B48D = {
			isa = PBXGroup;
			children = (
				84334A121DA9DF850010B48D /* CTPageControlDemo */,
				84334A2C1DA9DF850010B48D /* CTPageControlDemoTests */,
				84334A111DA9DF850010B48D /* Products */,
			);
			sourceTree = "<group>";
		};
		84334A111DA9DF850010B48D /* Products */ = {
			isa = PBXGroup;
			children = (
				84334A101DA9DF850010B48D /* CTPageControlDemo.app */,
				84334A291DA9DF850010B48D /* CTPageControlDemoTests.xctest */,
			);
			name = Products;
			sourceTree = "<group>";
		};
		84334A121DA9DF850010B48D /* CTPageControlDemo */ = {
			isa = PBXGroup;
			children = (
				84334A3E1DA9DFD20010B48D /* CTPageControl */,
				84334A3A1DA9DFB10010B48D /* pageControl_dot_icon@3x.png */,
				84334A3B1DA9DFB10010B48D /* pageControl_H_dot_icon@3x.png */,
				84334A161DA9DF850010B48D /* AppDelegate.h */,
				84334A171DA9DF850010B48D /* AppDelegate.m */,
				84334A191DA9DF850010B48D /* ViewController.h */,
				84334A1A1DA9DF850010B48D /* ViewController.m */,
				84334A1C1DA9DF850010B48D /* Main.storyboard */,
				84334A1F1DA9DF850010B48D /* Assets.xcassets */,
				84334A211DA9DF850010B48D /* LaunchScreen.storyboard */,
				84334A241DA9DF850010B48D /* Info.plist */,
				84334A131DA9DF850010B48D /* Supporting Files */,
			);
			path = CTPageControlDemo;
			sourceTree = "<group>";
		};
		84334A131DA9DF850010B48D /* Supporting Files */ = {
			isa = PBXGroup;
			children = (
				84334A141DA9DF850010B48D /* main.m */,
			);
			name = "Supporting Files";
			sourceTree = "<group>";
		};
		84334A2C1DA9DF850010B48D /* CTPageControlDemoTests */ = {
			isa = PBXGroup;
			children = (
				84334A2D1DA9DF850010B48D /* CTPageControlDemoTests.m */,
				84334A2F1DA9DF850010B48D /* Info.plist */,
			);
			path = CTPageControlDemoTests;
			sourceTree = "<group>";
		};
		84334A3E1DA9DFD20010B48D /* CTPageControl */ = {
			isa = PBXGroup;
			children = (
				84334A3F1DA9DFD20010B48D /* CTPageControl.h */,
				84334A401DA9DFD20010B48D /* CTPageControl.m */,
			);
			path = CTPageControl;
			sourceTree = "<group>";
		};
/* End PBXGroup section */

/* Begin PBXNativeTarget section */
		84334A0F1DA9DF850010B48D /* CTPageControlDemo */ = {
			isa = PBXNativeTarget;
			buildConfigurationList = 84334A321DA9DF850010B48D /* Build configuration list for PBXNativeTarget "CTPageControlDemo" */;
			buildPhases = (
				84334A0C1DA9DF850010B48D /* Sources */,
				84334A0D1DA9DF850010B48D /* Frameworks */,
				84334A0E1DA9DF850010B48D /* Resources */,
			);
			buildRules = (
			);
			dependencies = (
			);
			name = CTPageControlDemo;
			productName = CTPageControlDemo;
			productReference = 84334A101DA9DF850010B48D /* CTPageControlDemo.app */;
			productType = "com.apple.product-type.application";
		};
		84334A281DA9DF850010B48D /* CTPageControlDemoTests */ = {
			isa = PBXNativeTarget;
			buildConfigurationList = 84334A351DA9DF850010B48D /* Build configuration list for PBXNativeTarget "CTPageControlDemoTests" */;
			buildPhases = (
				84334A251DA9DF850010B48D /* Sources */,
				84334A261DA9DF850010B48D /* Frameworks */,
				84334A271DA9DF850010B48D /* Resources */,
			);
			buildRules = (
			);
			dependencies = (
				84334A2B1DA9DF850010B48D /* PBXTargetDependency */,
			);
			name = CTPageControlDemoTests;
			productName = CTPageControlDemoTests;
			productReference = 84334A291DA9DF850010B48D /* CTPageControlDemoTests.xctest */;
			productType = "com.apple.product-type.bundle.unit-test";
		};
/* End PBXNativeTarget section */

/* Begin PBXProject section */
		84334A081DA9DF850010B48D /* Project object */ = {
			isa = PBXProject;
			attributes = {
				LastUpgradeCheck = 0730;
				ORGANIZATIONNAME = Arvin;
				TargetAttributes = {
					84334A0F1DA9DF850010B48D = {
						CreatedOnToolsVersion = 7.3.1;
						DevelopmentTeam = 6P3B54632Y;
					};
					84334A281DA9DF850010B48D = {
						CreatedOnToolsVersion = 7.3.1;
						DevelopmentTeam = 6P3B54632Y;
						TestTargetID = 84334A0F1DA9DF850010B48D;
					};
				};
			};
			buildConfigurationList = 84334A0B1DA9DF850010B48D /* Build configuration list for PBXProject "CTPageControlDemo" */;
			compatibilityVersion = "Xcode 3.2";
			developmentRegion = English;
			hasScannedForEncodings = 0;
			knownRegions = (
				en,
				Base,
			);
			mainGroup = 84334A071DA9DF850010B48D;
			productRefGroup = 84334A111DA9DF850010B48D /* Products */;
			projectDirPath = "";
			projectRoot = "";
			targets = (
				84334A0F1DA9DF850010B48D /* CTPageControlDemo */,
				84334A281DA9DF850010B48D /* CTPageControlDemoTests */,
			);
		};
/* End PBXProject section */

/* Begin PBXResourcesBuildPhase section */
		84334A0E1DA9DF850010B48D /* Resources */ = {
			isa = PBXResourcesBuildPhase;
			buildActionMask = 2147483647;
			files = (
				84334A3D1DA9DFB10010B48D /* pageControl_H_dot_icon@3x.png in Resources */,
				84334A231DA9DF850010B48D /* LaunchScreen.storyboard in Resources */,
				84334A3C1DA9DFB10010B48D /* pageControl_dot_icon@3x.png in Resources */,
				84334A201DA9DF850010B48D /* Assets.xcassets in Resources */,
				84334A1E1DA9DF850010B48D /* Main.storyboard in Resources */,
			);
			runOnlyForDeploymentPostprocessing = 0;
		};
		84334A271DA9DF850010B48D /* Resources */ = {
			isa = PBXResourcesBuildPhase;
			buildActionMask = 2147483647;
			files = (
			);
			runOnlyForDeploymentPostprocessing = 0;
		};
/* End PBXResourcesBuildPhase section */

/* Begin PBXSourcesBuildPhase section */
		84334A0C1DA9DF850010B48D /* Sources */ = {
			isa = PBXSourcesBuildPhase;
			buildActionMask = 2147483647;
			files = (
				84334A1B1DA9DF850010B48D /* ViewController.m in Sources */,
				84334A181DA9DF850010B48D /* AppDelegate.m in Sources */,
				84334A151DA9DF850010B48D /* main.m in Sources */,
				84334A411DA9DFD20010B48D /* CTPageControl.m in Sources */,
			);
			runOnlyForDeploymentPostprocessing = 0;
		};
		84334A251DA9DF850010B48D /* Sources */ = {
			isa = PBXSourcesBuildPhase;
			buildActionMask = 2147483647;
			files = (
				84334A2E1DA9DF850010B48D /* CTPageControlDemoTests.m in Sources */,
			);
			runOnlyForDeploymentPostprocessing = 0;
		};
/* End PBXSourcesBuildPhase section */

/* Begin PBXTargetDependency section */
		84334A2B1DA9DF850010B48D /* PBXTargetDependency */ = {
			isa = PBXTargetDependency;
			target = 84334A0F1DA9DF850010B48D /* CTPageControlDemo */;
			targetProxy = 84334A2A1DA9DF850010B48D /* PBXContainerItemProxy */;
		};
/* End PBXTargetDependency section */

/* Begin PBXVariantGroup section */
		84334A1C1DA9DF850010B48D /* Main.storyboard */ = {
			isa = PBXVariantGroup;
			children = (
				84334A1D1DA9DF850010B48D /* Base */,
			);
			name = Main.storyboard;
			sourceTree = "<group>";
		};
		84334A211DA9DF850010B48D /* LaunchScreen.storyboard */ = {
			isa = PBXVariantGroup;
			children = (
				84334A221DA9DF850010B48D /* Base */,
			);
			name = LaunchScreen.storyboard;
			sourceTree = "<group>";
		};
/* End PBXVariantGroup section */

/* Begin XCBuildConfiguration section */
		84334A301DA9DF850010B48D /* Debug */ = {
			isa = XCBuildConfiguration;
			buildSettings = {
				ALWAYS_SEARCH_USER_PATHS = NO;
				CLANG_ANALYZER_NONNULL = YES;
				CLANG_CXX_LANGUAGE_STANDARD = "gnu++0x";
				CLANG_CXX_LIBRARY = "libc++";
				CLANG_ENABLE_MODULES = YES;
				CLANG_ENABLE_OBJC_ARC = YES;
				CLANG_WARN_BOOL_CONVERSION = YES;
				CLANG_WARN_CONSTANT_CONVERSION = YES;
				CLANG_WARN_DIRECT_OBJC_ISA_USAGE = YES_ERROR;
				CLANG_WARN_EMPTY_BODY = YES;
				CLANG_WARN_ENUM_CONVERSION = YES;
				CLANG_WARN_INT_CONVERSION = YES;
				CLANG_WARN_OBJC_ROOT_CLASS = YES_ERROR;
				CLANG_WARN_UNREACHABLE_CODE = YES;
				CLANG_WARN__DUPLICATE_METHOD_MATCH = YES;
				"CODE_SIGN_IDENTITY[sdk=iphoneos*]" = "iPhone Developer";
				COPY_PHASE_STRIP = NO;
				DEBUG_INFORMATION_FORMAT = dwarf;
				ENABLE_STRICT_OBJC_MSGSEND = YES;
				ENABLE_TESTABILITY = YES;
				GCC_C_LANGUAGE_STANDARD = gnu99;
				GCC_DYNAMIC_NO_PIC = NO;
				GCC_NO_COMMON_BLOCKS = YES;
				GCC_OPTIMIZATION_LEVEL = 0;
				GCC_PREPROCESSOR_DEFINITIONS = (
					"DEBUG=1",
					"$(inherited)",
				);
				GCC_WARN_64_TO_32_BIT_CONVERSION = YES;
				GCC_WARN_ABOUT_RETURN_TYPE = YES_ERROR;
				GCC_WARN_UNDECLARED_SELECTOR = YES;
				GCC_WARN_UNINITIALIZED_AUTOS = YES_AGGRESSIVE;
				GCC_WARN_UNUSED_FUNCTION = YES;
				GCC_WARN_UNUSED_VARIABLE = YES;
				IPHONEOS_DEPLOYMENT_TARGET = 9.3;
				MTL_ENABLE_DEBUG_INFO = YES;
				ONLY_ACTIVE_ARCH = YES;
				SDKROOT = iphoneos;
			};
			name = Debug;
		};
		84334A311DA9DF850010B48D /* Release */ = {
			isa = XCBuildConfiguration;
			buildSettings = {
				ALWAYS_SEARCH_USER_PATHS = NO;
				CLANG_ANALYZER_NONNULL = YES;
				CLANG_CXX_LANGUAGE_STANDARD = "gnu++0x";
				CLANG_CXX_LIBRARY = "libc++";
				CLANG_ENABLE_MODULES = YES;
				CLANG_ENABLE_OBJC_ARC = YES;
				CLANG_WARN_BOOL_CONVERSION = YES;
				CLANG_WARN_CONSTANT_CONVERSION = YES;
				CLANG_WARN_DIRECT_OBJC_ISA_USAGE = YES_ERROR;
				CLANG_WARN_EMPTY_BODY = YES;
				CLANG_WARN_ENUM_CONVERSION = YES;
				CLANG_WARN_INT_CONVERSION = YES;
				CLANG_WARN_OBJC_ROOT_CLASS = YES_ERROR;
				CLANG_WARN_UNREACHABLE_CODE = YES;
				CLANG_WARN__DUPLICATE_METHOD_MATCH = YES;
				"CODE_SIGN_IDENTITY[sdk=iphoneos*]" = "iPhone Developer";
				COPY_PHASE_STRIP = NO;
				DEBUG_INFORMATION_FORMAT = "dwarf-with-dsym";
				ENABLE_NS_ASSERTIONS = NO;
				ENABLE_STRICT_OBJC_MSGSEND = YES;
				GCC_C_LANGUAGE_STANDARD = gnu99;
				GCC_NO_COMMON_BLOCKS = YES;
				GCC_WARN_64_TO_32_BIT_CONVERSION = YES;
				GCC_WARN_ABOUT_RETURN_TYPE = YES_ERROR;
				GCC_WARN_UNDECLARED_SELECTOR = YES;
				GCC_WARN_UNINITIALIZED_AUTOS = YES_AGGRESSIVE;
				GCC_WARN_UNUSED_FUNCTION = YES;
				GCC_WARN_UNUSED_VARIABLE = YES;
				IPHONEOS_DEPLOYMENT_TARGET = 9.3;
				MTL_ENABLE_DEBUG_INFO = NO;
				SDKROOT = iphoneos;
				VALIDATE_PRODUCT = YES;
			};
			name = Release;
		};
		84334A331DA9DF850010B48D /* Debug */ = {
			isa = XCBuildConfiguration;
			buildSettings = {
				ASSETCATALOG_COMPILER_APPICON_NAME = AppIcon;
				INFOPLIST_FILE = CTPageControlDemo/Info.plist;
				LD_RUNPATH_SEARCH_PATHS = "$(inherited) @executable_path/Frameworks";
				PRODUCT_BUNDLE_IDENTIFIER = "com.vj-fly.CTPageControlDemo";
				PRODUCT_NAME = "$(TARGET_NAME)";
			};
			name = Debug;
		};
		84334A341DA9DF850010B48D /* Release */ = {
			isa = XCBuildConfiguration;
			buildSettings = {
				ASSETCATALOG_COMPILER_APPICON_NAME = AppIcon;
				INFOPLIST_FILE = CTPageControlDemo/Info.plist;
				LD_RUNPATH_SEARCH_PATHS = "$(inherited) @executable_path/Frameworks";
				PRODUCT_BUNDLE_IDENTIFIER = "com.vj-fly.CTPageControlDemo";
				PRODUCT_NAME = "$(TARGET_NAME)";
			};
			name = Release;
		};
		84334A361DA9DF850010B48D /* Debug */ = {
			isa = XCBuildConfiguration;
			buildSettings = {
				BUNDLE_LOADER = "$(TEST_HOST)";
				INFOPLIST_FILE = CTPageControlDemoTests/Info.plist;
				LD_RUNPATH_SEARCH_PATHS = "$(inherited) @executable_path/Frameworks @loader_path/Frameworks";
				PRODUCT_BUNDLE_IDENTIFIER = "com.vj-fly.CTPageControlDemoTests";
				PRODUCT_NAME = "$(TARGET_NAME)";
				TEST_HOST = "$(BUILT_PRODUCTS_DIR)/CTPageControlDemo.app/CTPageControlDemo";
			};
			name = Debug;
		};
		84334A371DA9DF850010B48D /* Release */ = {
			isa = XCBuildConfiguration;
			buildSettings = {
				BUNDLE_LOADER = "$(TEST_HOST)";
				INFOPLIST_FILE = CTPageControlDemoTests/Info.plist;
				LD_RUNPATH_SEARCH_PATHS = "$(inherited) @executable_path/Frameworks @loader_path/Frameworks";
				PRODUCT_BUNDLE_IDENTIFIER = "com.vj-fly.CTPageControlDemoTests";
				PRODUCT_NAME = "$(TARGET_NAME)";
				TEST_HOST = "$(BUILT_PRODUCTS_DIR)/CTPageControlDemo.app/CTPageControlDemo";
			};
			name = Release;
		};
/* End XCBuildConfiguration section */

/* Begin XCConfigurationList section */
		84334A0B1DA9DF850010B48D /* Build configuration list for PBXProject "CTPageControlDemo" */ = {
			isa = XCConfigurationList;
			buildConfigurations = (
				84334A301DA9DF850010B48D /* Debug */,
				84334A311DA9DF850010B48D /* Release */,
			);
			defaultConfigurationIsVisible = 0;
			defaultConfigurationName = Release;
		};
		84334A321DA9DF850010B48D /* Build configuration list for PBXNativeTarget "CTPageControlDemo" */ = {
			isa = XCConfigurationList;
			buildConfigurations = (
				84334A331DA9DF850010B48D /* Debug */,
				84334A341DA9DF850010B48D /* Release */,
			);
			defaultConfigurationIsVisible = 0;
			defaultConfigurationName = Release;
		};
		84334A351DA9DF850010B48D /* Build configuration list for PBXNativeTarget "CTPageControlDemoTests" */ = {
			isa = XCConfigurationList;
			buildConfigurations = (
				84334A361DA9DF850010B48D /* Debug */,
				84334A371DA9DF850010B48D /* Release */,
			);
			defaultConfigurationIsVisible = 0;
			defaultConfigurationName = Release;
		};
/* End XCConfigurationList section */
	};
	rootObject = 84334A081DA9DF850010B48D /* Project object */;
}
